
Microsoft Visual Studio Solution File, Format Version 12.00
# Visual Studio 14
VisualStudioVersion = 14.0.23107.0
MinimumVisualStudioVersion = 10.0.40219.1
Project("{FAE04EC0-301F-11D3-BF4B-00C04F79EFBC}") = "TeaLeafed", "TeaLeafed\TeaLeafed.csproj", "{21BB7082-C64C-4456-A231-E7A42428CCC6}"
EndProject
Project("{FAE04EC0-301F-11D3-BF4B-00C04F79EFBC}") = "TeaLeafed.Domain", "TeaLeafed.Domain\TeaLeafed.Domain.csproj", "{970E8F6B-7853-4D67-87F1-7D0C690D25C3}"
EndProject
Project("{2150E333-8FDC-42A3-9474-1A3956D46DE8}") = "build", "build", "{99A2DA8B-2204-484F-9599-A7231D1DFD30}"
	ProjectSection(SolutionItems) = preProject
		.gitignore = .gitignore
		LICENSE = LICENSE
		README.md = README.md
	EndProjectSection
EndProject
Global
	GlobalSection(SolutionConfigurationPlatforms) = preSolution
		Debug|Any CPU = Debug|Any CPU
		Release|Any CPU = Release|Any CPU
	EndGlobalSection
	GlobalSection(ProjectConfigurationPlatforms) = postSolution
		{21BB7082-C64C-4456-A231-E7A42428CCC6}.Debug|Any CPU.ActiveCfg = Debug|Any CPU
		{21BB7082-C64C-4456-A231-E7A42428CCC6}.Debug|Any CPU.Build.0 = Debug|Any CPU
		{21BB7082-C64C-4456-A231-E7A42428CCC6}.Release|Any CPU.ActiveCfg = Release|Any CPU
		{21BB7082-C64C-4456-A231-E7A42428CCC6}.Release|Any CPU.Build.0 = Release|Any CPU
		{970E8F6B-7853-4D67-87F1-7D0C690D25C3}.Debug|Any CPU.ActiveCfg = Debug|Any CPU
		{970E8F6B-7853-4D67-87F1-7D0C690D25C3}.Debug|Any CPU.Build.0 = Debug|Any CPU
		{970E8F6B-7853-4D67-87F1-7D0C690D25C3}.Release|Any CPU.ActiveCfg = Release|Any CPU
		{970E8F6B-7853-4D67-87F1-7D0C690D25C3}.Release|Any CPU.Build.0 = Release|Any CPU
	EndGlobalSection
	GlobalSection(SolutionProperties) = preSolution
		HideSolutionNode = FALSE
	EndGlobalSection
EndGlobal
